
Microsoft Visual Studio Solution File, Format Version 12.00
# Visual Studio 15
VisualStudioVersion = 15.0.27703.2000
MinimumVisualStudioVersion = 10.0.40219.1
Project("{9A19103F-16F7-4668-BE54-9A1E7A4F7556}") = "InfoTrackConsole", "InfoTrackConsole\InfoTrackConsole.csproj", "{3BDE7317-F5FC-4195-8B1F-567D519AF065}"
EndProject
Project("{9A19103F-16F7-4668-BE54-9A1E7A4F7556}") = "InfoTrackWeb", "InfoTrackWeb\InfoTrackWeb.csproj", "{4B40C79A-0EB6-4A1E-8E55-7D5B78D14EDB}"
EndProject
Project("{9A19103F-16F7-4668-BE54-9A1E7A4F7556}") = "InfoTrackBusiness", "InfoTrackBusiness\InfoTrackBusiness.csproj", "{121B673A-0B09-4840-81A9-4FD9563C704E}"
EndProject
Project("{FAE04EC0-301F-11D3-BF4B-00C04F79EFBC}") = "InfoTrackTest", "InfoTrackTest\InfoTrackTest.csproj", "{92388D5F-7CBD-447F-9104-BF6D59EFE8E7}"
EndProject
Global
	GlobalSection(SolutionConfigurationPlatforms) = preSolution
		Debug|Any CPU = Debug|Any CPU
		Release|Any CPU = Release|Any CPU
	EndGlobalSection
	GlobalSection(ProjectConfigurationPlatforms) = postSolution
		{3BDE7317-F5FC-4195-8B1F-567D519AF065}.Debug|Any CPU.ActiveCfg = Debug|Any CPU
		{3BDE7317-F5FC-4195-8B1F-567D519AF065}.Debug|Any CPU.Build.0 = Debug|Any CPU
		{3BDE7317-F5FC-4195-8B1F-567D519AF065}.Release|Any CPU.ActiveCfg = Release|Any CPU
		{3BDE7317-F5FC-4195-8B1F-567D519AF065}.Release|Any CPU.Build.0 = Release|Any CPU
		{4B40C79A-0EB6-4A1E-8E55-7D5B78D14EDB}.Debug|Any CPU.ActiveCfg = Debug|Any CPU
		{4B40C79A-0EB6-4A1E-8E55-7D5B78D14EDB}.Debug|Any CPU.Build.0 = Debug|Any CPU
		{4B40C79A-0EB6-4A1E-8E55-7D5B78D14EDB}.Release|Any CPU.ActiveCfg = Release|Any CPU
		{4B40C79A-0EB6-4A1E-8E55-7D5B78D14EDB}.Release|Any CPU.Build.0 = Release|Any CPU
		{121B673A-0B09-4840-81A9-4FD9563C704E}.Debug|Any CPU.ActiveCfg = Debug|Any CPU
		{121B673A-0B09-4840-81A9-4FD9563C704E}.Debug|Any CPU.Build.0 = Debug|Any CPU
		{121B673A-0B09-4840-81A9-4FD9563C704E}.Release|Any CPU.ActiveCfg = Release|Any CPU
		{121B673A-0B09-4840-81A9-4FD9563C704E}.Release|Any CPU.Build.0 = Release|Any CPU
		{92388D5F-7CBD-447F-9104-BF6D59EFE8E7}.Debug|Any CPU.ActiveCfg = Debug|Any CPU
		{92388D5F-7CBD-447F-9104-BF6D59EFE8E7}.Debug|Any CPU.Build.0 = Debug|Any CPU
		{92388D5F-7CBD-447F-9104-BF6D59EFE8E7}.Release|Any CPU.ActiveCfg = Release|Any CPU
		{92388D5F-7CBD-447F-9104-BF6D59EFE8E7}.Release|Any CPU.Build.0 = Release|Any CPU
	EndGlobalSection
	GlobalSection(SolutionProperties) = preSolution
		HideSolutionNode = FALSE
	EndGlobalSection
	GlobalSection(ExtensibilityGlobals) = postSolution
		SolutionGuid = {01D195E1-45E1-4C95-BBE7-3012AE65E483}
	EndGlobalSection
EndGlobal
